{
  "version": 4,
  "terraform_version": "1.13.3",
  "serial": 5,
  "lineage": "3e76c185-2517-1496-4136-f2df90e564c8",
  "outputs": {},
  "resources": [
    {
      "mode": "managed",
      "type": "aws_instance",
      "name": "terraform",
      "provider": "provider[\"registry.terraform.io/hashicorp/aws\"]",
      "instances": [
        {
          "schema_version": 2,
          "attributes": {
            "ami": "ami-09c813fb71547fc4f",
            "arn": "arn:aws:ec2:us-east-1:929926685995:instance/i-0f3c3d6c67cc04dab",
            "associate_public_ip_address": true,
            "availability_zone": "us-east-1b",
            "capacity_reservation_specification": [
              {
                "capacity_reservation_preference": "open",
                "capacity_reservation_target": []
              }
            ],
            "cpu_options": [
              {
                "amd_sev_snp": "",
                "core_count": 1,
                "threads_per_core": 2
              }
            ],
            "credit_specification": [
              {
                "cpu_credits": "unlimited"
              }
            ],
            "disable_api_stop": false,
            "disable_api_termination": false,
            "ebs_block_device": [],
            "ebs_optimized": false,
            "enable_primary_ipv6": null,
            "enclave_options": [
              {
                "enabled": false
              }
            ],
            "ephemeral_block_device": [],
            "force_destroy": false,
            "get_password_data": false,
            "hibernation": false,
            "host_id": "",
            "host_resource_group_arn": null,
            "iam_instance_profile": "",
            "id": "i-0f3c3d6c67cc04dab",
            "instance_initiated_shutdown_behavior": "stop",
            "instance_lifecycle": "",
            "instance_market_options": [],
            "instance_state": "running",
            "instance_type": "t3.micro",
            "ipv6_address_count": 0,
            "ipv6_addresses": [],
            "key_name": "",
            "launch_template": [],
            "maintenance_options": [
              {
                "auto_recovery": "default"
              }
            ],
            "metadata_options": [
              {
                "http_endpoint": "enabled",
                "http_protocol_ipv6": "disabled",
                "http_put_response_hop_limit": 1,
                "http_tokens": "optional",
                "instance_metadata_tags": "disabled"
              }
            ],
            "monitoring": false,
            "network_interface": [],
            "outpost_arn": "",
            "password_data": "",
            "placement_group": "",
            "placement_group_id": "",
            "placement_partition_number": 0,
            "primary_network_interface": [
              {
                "delete_on_termination": true,
                "network_interface_id": "eni-0e20741fb5108bd0e"
              }
            ],
            "primary_network_interface_id": "eni-0e20741fb5108bd0e",
            "private_dns": "ip-172-31-18-143.ec2.internal",
            "private_dns_name_options": [
              {
                "enable_resource_name_dns_a_record": false,
                "enable_resource_name_dns_aaaa_record": false,
                "hostname_type": "ip-name"
              }
            ],
            "private_ip": "172.31.18.143",
            "public_dns": "ec2-98-93-9-0.compute-1.amazonaws.com",
            "public_ip": "98.93.9.0",
            "region": "us-east-1",
            "root_block_device": [
              {
                "delete_on_termination": true,
                "device_name": "/dev/sda1",
                "encrypted": false,
                "iops": 3000,
                "kms_key_id": "",
                "tags": {},
                "tags_all": {},
                "throughput": 125,
                "volume_id": "vol-0ca713acbea0f8ba3",
                "volume_size": 20,
                "volume_type": "gp3"
              }
            ],
            "secondary_private_ips": [],
            "security_groups": [
              "default"
            ],
            "source_dest_check": true,
            "spot_instance_request_id": "",
            "subnet_id": "subnet-0954527bd962b5840",
            "tags": {
              "Name": "Terraform",
              "Terraform": "True"
            },
            "tags_all": {
              "Name": "Terraform",
              "Terraform": "True"
            },
            "tenancy": "default",
            "timeouts": null,
            "user_data": null,
            "user_data_base64": null,
            "user_data_replace_on_change": false,
            "volume_tags": null,
            "vpc_security_group_ids": [
              "sg-071160fbea01fe004"
            ]
          },
          "sensitive_attributes": [],
          "identity_schema_version": 0,
          "identity": {
            "account_id": "929926685995",
            "id": "i-0f3c3d6c67cc04dab",
            "region": "us-east-1"
          },
          "private": "eyJlMmJmYjczMC1lY2FhLTExZTYtOGY4OC0zNDM2M2JjN2M0YzAiOnsiY3JlYXRlIjo2MDAwMDAwMDAwMDAsImRlbGV0ZSI6MTIwMDAwMDAwMDAwMCwicmVhZCI6OTAwMDAwMDAwMDAwLCJ1cGRhdGUiOjYwMDAwMDAwMDAwMH0sInNjaGVtYV92ZXJzaW9uIjoiMiJ9",
          "dependencies": [
            "aws_security_group.allow_all"
          ]
        }
      ]
    },
    {
      "mode": "managed",
      "type": "aws_security_group",
      "name": "allow_all",
      "provider": "provider[\"registry.terraform.io/hashicorp/aws\"]",
      "instances": [
        {
          "schema_version": 1,
          "attributes": {
            "arn": "arn:aws:ec2:us-east-1:929926685995:security-group/sg-071160fbea01fe004",
            "description": "Managed by Terraform",
            "egress": [
              {
                "cidr_blocks": [
                  "0.0.0.0/0"
                ],
                "description": "",
                "from_port": 0,
                "ipv6_cidr_blocks": [],
                "prefix_list_ids": [],
                "protocol": "-1",
                "security_groups": [],
                "self": false,
                "to_port": 0
              }
            ],
            "id": "sg-071160fbea01fe004",
            "ingress": [
              {
                "cidr_blocks": [
                  "0.0.0.0/0"
                ],
                "description": "",
                "from_port": 0,
                "ipv6_cidr_blocks": [],
                "prefix_list_ids": [],
                "protocol": "-1",
                "security_groups": [],
                "self": false,
                "to_port": 0
              }
            ],
            "name": "allow-all",
            "name_prefix": "",
            "owner_id": "929926685995",
            "region": "us-east-1",
            "revoke_rules_on_delete": false,
            "tags": {
              "Name": "allow=all"
            },
            "tags_all": {
              "Name": "allow=all"
            },
            "timeouts": null,
            "vpc_id": "vpc-0de1b5eded366203e"
          },
          "sensitive_attributes": [],
          "identity_schema_version": 0,
          "identity": {
            "account_id": "929926685995",
            "id": "sg-071160fbea01fe004",
            "region": "us-east-1"
          },
          "private": "eyJlMmJmYjczMC1lY2FhLTExZTYtOGY4OC0zNDM2M2JjN2M0YzAiOnsiY3JlYXRlIjo2MDAwMDAwMDAwMDAsImRlbGV0ZSI6OTAwMDAwMDAwMDAwfSwic2NoZW1hX3ZlcnNpb24iOiIxIn0="
        }
      ]
    }
  ],
  "check_results": null
}
